
Microsoft Visual Studio Solution File, Format Version 12.00
# Visual Studio Version 17
VisualStudioVersion = 17.3.32901.215
MinimumVisualStudioVersion = 10.0.40219.1
Project("{9A19103F-16F7-4668-BE54-9A1E7A4F7556}") = "NLayer.Core", "NLayer.Core\NLayer.Core.csproj", "{51F85DC9-1AF8-4373-A4ED-B1D9BFFECE7C}"
EndProject
Project("{9A19103F-16F7-4668-BE54-9A1E7A4F7556}") = "NLayer.Repository", "NLayer.Repository\NLayer.Repository.csproj", "{CF876DBC-7C9A-4607-9CBB-513CCFF3849C}"
EndProject
Project("{9A19103F-16F7-4668-BE54-9A1E7A4F7556}") = "NLayer.Service", "NLayer.Service\NLayer.Service.csproj", "{47403C03-EE1A-4E7C-A543-26DF7DD01161}"
EndProject
Project("{9A19103F-16F7-4668-BE54-9A1E7A4F7556}") = "NLayer.API", "NLayer.API\NLayer.API.csproj", "{73448316-E536-4A86-902A-E37BA19FD9D8}"
EndProject
Project("{9A19103F-16F7-4668-BE54-9A1E7A4F7556}") = "NLayer.Web", "NLayer.Web\NLayer.Web.csproj", "{80AA34C4-125D-4573-9135-A20008DB66D1}"
EndProject
Project("{9A19103F-16F7-4668-BE54-9A1E7A4F7556}") = "NLayer.Caching", "NLayer.Caching\NLayer.Caching.csproj", "{3D6A66B4-9524-4ACF-B422-72E6E468A5DF}"
EndProject
Project("{2150E333-8FDC-42A3-9474-1A3956D46DE8}") = "Solution Items", "Solution Items", "{D79E1298-2948-4431-A0A5-41D3C45E79A3}"
	ProjectSection(SolutionItems) = preProject
		Ports.txt = Ports.txt
	EndProjectSection
EndProject
Global
	GlobalSection(SolutionConfigurationPlatforms) = preSolution
		Debug|Any CPU = Debug|Any CPU
		Release|Any CPU = Release|Any CPU
	EndGlobalSection
	GlobalSection(ProjectConfigurationPlatforms) = postSolution
		{51F85DC9-1AF8-4373-A4ED-B1D9BFFECE7C}.Debug|Any CPU.ActiveCfg = Debug|Any CPU
		{51F85DC9-1AF8-4373-A4ED-B1D9BFFECE7C}.Debug|Any CPU.Build.0 = Debug|Any CPU
		{51F85DC9-1AF8-4373-A4ED-B1D9BFFECE7C}.Release|Any CPU.ActiveCfg = Release|Any CPU
		{51F85DC9-1AF8-4373-A4ED-B1D9BFFECE7C}.Release|Any CPU.Build.0 = Release|Any CPU
		{CF876DBC-7C9A-4607-9CBB-513CCFF3849C}.Debug|Any CPU.ActiveCfg = Debug|Any CPU
		{CF876DBC-7C9A-4607-9CBB-513CCFF3849C}.Debug|Any CPU.Build.0 = Debug|Any CPU
		{CF876DBC-7C9A-4607-9CBB-513CCFF3849C}.Release|Any CPU.ActiveCfg = Release|Any CPU
		{CF876DBC-7C9A-4607-9CBB-513CCFF3849C}.Release|Any CPU.Build.0 = Release|Any CPU
		{47403C03-EE1A-4E7C-A543-26DF7DD01161}.Debug|Any CPU.ActiveCfg = Debug|Any CPU
		{47403C03-EE1A-4E7C-A543-26DF7DD01161}.Debug|Any CPU.Build.0 = Debug|Any CPU
		{47403C03-EE1A-4E7C-A543-26DF7DD01161}.Release|Any CPU.ActiveCfg = Release|Any CPU
		{47403C03-EE1A-4E7C-A543-26DF7DD01161}.Release|Any CPU.Build.0 = Release|Any CPU
		{73448316-E536-4A86-902A-E37BA19FD9D8}.Debug|Any CPU.ActiveCfg = Debug|Any CPU
		{73448316-E536-4A86-902A-E37BA19FD9D8}.Debug|Any CPU.Build.0 = Debug|Any CPU
		{73448316-E536-4A86-902A-E37BA19FD9D8}.Release|Any CPU.ActiveCfg = Release|Any CPU
		{73448316-E536-4A86-902A-E37BA19FD9D8}.Release|Any CPU.Build.0 = Release|Any CPU
		{80AA34C4-125D-4573-9135-A20008DB66D1}.Debug|Any CPU.ActiveCfg = Debug|Any CPU
		{80AA34C4-125D-4573-9135-A20008DB66D1}.Debug|Any CPU.Build.0 = Debug|Any CPU
		{80AA34C4-125D-4573-9135-A20008DB66D1}.Release|Any CPU.ActiveCfg = Release|Any CPU
		{80AA34C4-125D-4573-9135-A20008DB66D1}.Release|Any CPU.Build.0 = Release|Any CPU
		{3D6A66B4-9524-4ACF-B422-72E6E468A5DF}.Debug|Any CPU.ActiveCfg = Debug|Any CPU
		{3D6A66B4-9524-4ACF-B422-72E6E468A5DF}.Debug|Any CPU.Build.0 = Debug|Any CPU
		{3D6A66B4-9524-4ACF-B422-72E6E468A5DF}.Release|Any CPU.ActiveCfg = Release|Any CPU
		{3D6A66B4-9524-4ACF-B422-72E6E468A5DF}.Release|Any CPU.Build.0 = Release|Any CPU
	EndGlobalSection
	GlobalSection(SolutionProperties) = preSolution
		HideSolutionNode = FALSE
	EndGlobalSection
	GlobalSection(ExtensibilityGlobals) = postSolution
		SolutionGuid = {7F15DFB0-BC5B-452D-A394-120B3BED9356}
	EndGlobalSection
EndGlobal
